[[package]]
category = "dev"
description = "A tool that automatically formats Python code to conform to the PEP 8 style guide"
name = "autopep8"
optional = false
python-versions = "*"
version = "1.5.3"

[package.dependencies]
pycodestyle = ">=2.6.0"
toml = "*"

[[package]]
category = "main"
description = "Python package for providing Mozilla's CA Bundle."
name = "certifi"
optional = false
python-versions = "*"
version = "2020.6.20"

[[package]]
category = "main"
description = "Universal encoding detector for Python 2 and 3"
name = "chardet"
optional = false
python-versions = "*"
version = "3.0.4"

[[package]]
category = "main"
description = "Composable command line interface toolkit"
name = "click"
optional = false
python-versions = ">=2.7, !=3.0.*, !=3.1.*, !=3.2.*, !=3.3.*, !=3.4.*"
version = "7.1.2"

[[package]]
category = "main"
description = "fasttext Python bindings"
name = "fasttext"
optional = false
python-versions = "*"
version = "0.9.2"

[package.dependencies]
numpy = "*"
pybind11 = ">=2.2"
setuptools = ">=0.7.0"

[[package]]
category = "main"
description = "A platform independent file lock."
name = "filelock"
optional = false
python-versions = "*"
version = "3.0.12"

[[package]]
category = "main"
description = "A simple framework for building complex web applications."
name = "flask"
optional = false
python-versions = ">=2.7, !=3.0.*, !=3.1.*, !=3.2.*, !=3.3.*, !=3.4.*"
version = "1.1.2"

[package.dependencies]
Jinja2 = ">=2.10.1"
Werkzeug = ">=0.15"
click = ">=5.1"
itsdangerous = ">=0.24"

[package.extras]
dev = ["pytest", "coverage", "tox", "sphinx", "pallets-sphinx-themes", "sphinxcontrib-log-cabinet", "sphinx-issues"]
docs = ["sphinx", "pallets-sphinx-themes", "sphinxcontrib-log-cabinet", "sphinx-issues"]
dotenv = ["python-dotenv"]

[[package]]
category = "main"
description = "Clean single-source support for Python 3 and 2"
name = "future"
optional = false
python-versions = ">=2.6, !=3.0.*, !=3.1.*, !=3.2.*"
version = "0.18.2"

[[package]]
category = "main"
description = "Internationalized Domain Names in Applications (IDNA)"
name = "idna"
optional = false
python-versions = ">=2.7, !=3.0.*, !=3.1.*, !=3.2.*, !=3.3.*"
version = "2.10"

[[package]]
category = "main"
description = "Various helpers to pass data to untrusted environments and back."
name = "itsdangerous"
optional = false
python-versions = ">=2.7, !=3.0.*, !=3.1.*, !=3.2.*, !=3.3.*"
version = "1.1.0"

[[package]]
category = "main"
description = "Chinese Words Segmentation Utilities"
name = "jieba"
optional = false
python-versions = "*"
version = "0.42.1"

[[package]]
category = "main"
description = "A very fast and expressive template engine."
name = "jinja2"
optional = false
python-versions = ">=2.7, !=3.0.*, !=3.1.*, !=3.2.*, !=3.3.*, !=3.4.*"
version = "2.11.2"

[package.dependencies]
MarkupSafe = ">=0.23"

[package.extras]
i18n = ["Babel (>=0.8)"]

[[package]]
category = "main"
description = "Lightweight pipelining: using Python functions as pipeline jobs."
name = "joblib"
optional = false
python-versions = ">=3.6"
version = "0.16.0"

[[package]]
category = "main"
description = "Safely add untrusted strings to HTML/XML markup."
name = "markupsafe"
optional = false
python-versions = ">=2.7,!=3.0.*,!=3.1.*,!=3.2.*,!=3.3.*"
version = "1.1.1"

[[package]]
category = "main"
description = "Python wrapper for the MeCab morphological analyzer for Japanese"
name = "mecab-python3"
optional = false
python-versions = "*"
version = "1.0.0"

[package.extras]
unidic = ["unidic"]
unidic-lite = ["unidic-lite"]

[[package]]
category = "main"
description = "NumPy is the fundamental package for array computing with Python."
name = "numpy"
optional = false
python-versions = ">=3.6"
version = "1.19.0"

[[package]]
category = "main"
description = "Core utilities for Python packages"
name = "packaging"
optional = false
python-versions = ">=2.7, !=3.0.*, !=3.1.*, !=3.2.*, !=3.3.*"
version = "20.4"

[package.dependencies]
pyparsing = ">=2.0.2"
six = "*"

[[package]]
category = "main"
description = "Seamless operability between C++11 and Python"
name = "pybind11"
optional = false
python-versions = "*"
version = "2.5.0"

[[package]]
category = "dev"
description = "Python style guide checker"
name = "pycodestyle"
optional = false
python-versions = ">=2.7, !=3.0.*, !=3.1.*, !=3.2.*, !=3.3.*"
version = "2.6.0"

[[package]]
category = "main"
description = "Python parsing module"
name = "pyparsing"
optional = false
python-versions = ">=2.6, !=3.0.*, !=3.1.*, !=3.2.*"
version = "2.4.7"

[[package]]
category = "main"
description = "Alternative regular expression module, to replace re."
name = "regex"
optional = false
python-versions = "*"
version = "2020.6.8"

[[package]]
category = "main"
description = "Python HTTP for Humans."
name = "requests"
optional = false
python-versions = ">=2.7, !=3.0.*, !=3.1.*, !=3.2.*, !=3.3.*, !=3.4.*"
version = "2.24.0"

[package.dependencies]
certifi = ">=2017.4.17"
chardet = ">=3.0.2,<4"
idna = ">=2.5,<3"
urllib3 = ">=1.21.1,<1.25.0 || >1.25.0,<1.25.1 || >1.25.1,<1.26"

[package.extras]
security = ["pyOpenSSL (>=0.14)", "cryptography (>=1.3.4)"]
socks = ["PySocks (>=1.5.6,<1.5.7 || >1.5.7)", "win-inet-pton"]

[[package]]
category = "main"
description = "SacreMoses"
name = "sacremoses"
optional = false
python-versions = "*"
version = "0.0.43"

[package.dependencies]
click = "*"
joblib = "*"
regex = "*"
six = "*"
tqdm = "*"

[[package]]
category = "main"
description = "SentencePiece python wrapper"
name = "sentencepiece"
optional = false
python-versions = "*"
version = "0.1.92"

[[package]]
category = "main"
description = "Python 2 and 3 compatibility utilities"
name = "six"
optional = false
python-versions = ">=2.7, !=3.0.*, !=3.1.*, !=3.2.*"
version = "1.15.0"

[[package]]
category = "main"
description = "Fast and Customizable Tokenizers"
name = "tokenizers"
optional = false
python-versions = "*"
version = "0.7.0"

[package.extras]
testing = ["pytest"]

[[package]]
category = "dev"
description = "Python Library for Tom's Obvious, Minimal Language"
name = "toml"
optional = false
python-versions = "*"
version = "0.10.1"

[[package]]
category = "main"
description = "Tensors and Dynamic neural networks in Python with strong GPU acceleration"
name = "torch"
optional = false
python-versions = ">=2.7, !=3.0.*, !=3.1.*, !=3.2.*, !=3.3.*, !=3.4.*, !=3.6.0"
version = "1.5.1"

[package.dependencies]
future = "*"
numpy = "*"

[[package]]
category = "main"
description = "Fast, Extensible Progress Meter"
name = "tqdm"
optional = false
python-versions = ">=2.6, !=3.0.*, !=3.1.*"
version = "4.47.0"

[package.extras]
dev = ["py-make (>=0.1.0)", "twine", "argopt", "pydoc-markdown"]

[[package]]
category = "main"
description = "State-of-the-art Natural Language Processing for TensorFlow 2.0 and PyTorch"
name = "transformers"
optional = false
python-versions = ">=3.6.0"
version = "2.11.0"

[package.dependencies]
filelock = "*"
numpy = "*"
packaging = "*"
regex = "!=2019.12.17"
requests = "*"
sacremoses = "*"
sentencepiece = "*"
tokenizers = "0.7.0"
tqdm = ">=4.27"

[package.extras]
all = ["pydantic", "uvicorn", "fastapi", "starlette", "tensorflow", "torch"]
dev = ["pytest", "pytest-xdist", "timeout-decorator", "black", "isort", "flake8", "mecab-python3", "scikit-learn", "tensorflow", "torch"]
docs = ["recommonmark", "sphinx", "sphinx-markdown-tables", "sphinx-rtd-theme"]
mecab = ["mecab-python3"]
quality = ["black", "isort", "flake8"]
serving = ["pydantic", "uvicorn", "fastapi", "starlette"]
sklearn = ["scikit-learn"]
testing = ["pytest", "pytest-xdist", "timeout-decorator"]
tf = ["tensorflow", "onnxconverter-common", "keras2onnx"]
tf-cpu = ["tensorflow-cpu", "onnxconverter-common", "keras2onnx"]
torch = ["torch"]

[[package]]
category = "main"
description = "A small version of UniDic packaged for Python"
name = "unidic-lite"
optional = false
python-versions = "*"
version = "1.0.6"

[[package]]
category = "main"
description = "HTTP library with thread-safe connection pooling, file post, and more."
name = "urllib3"
optional = false
python-versions = ">=2.7, !=3.0.*, !=3.1.*, !=3.2.*, !=3.3.*, !=3.4.*, <4"
version = "1.25.9"

[package.extras]
brotli = ["brotlipy (>=0.6.0)"]
secure = ["certifi", "cryptography (>=1.3.4)", "idna (>=2.0.0)", "pyOpenSSL (>=0.14)", "ipaddress"]
socks = ["PySocks (>=1.5.6,<1.5.7 || >1.5.7,<2.0)"]

[[package]]
category = "main"
description = "The comprehensive WSGI web application library."
name = "werkzeug"
optional = false
python-versions = ">=2.7, !=3.0.*, !=3.1.*, !=3.2.*, !=3.3.*, !=3.4.*"
version = "1.0.1"

[package.extras]
dev = ["pytest", "pytest-timeout", "coverage", "tox", "sphinx", "pallets-sphinx-themes", "sphinx-issues"]
watchdog = ["watchdog"]

[metadata]
content-hash = "096a128c012a46831e2ba19ea6192fe9e7937fe35ee0621ebdccee8b19ceacd1"
python-versions = "^3.7"

[metadata.files]
autopep8 = [
    {file = "autopep8-1.5.3.tar.gz", hash = "sha256:60fd8c4341bab59963dafd5d2a566e94f547e660b9b396f772afe67d8481dbf0"},
]
certifi = [
    {file = "certifi-2020.6.20-py2.py3-none-any.whl", hash = "sha256:8fc0819f1f30ba15bdb34cceffb9ef04d99f420f68eb75d901e9560b8749fc41"},
    {file = "certifi-2020.6.20.tar.gz", hash = "sha256:5930595817496dd21bb8dc35dad090f1c2cd0adfaf21204bf6732ca5d8ee34d3"},
]
chardet = [
    {file = "chardet-3.0.4-py2.py3-none-any.whl", hash = "sha256:fc323ffcaeaed0e0a02bf4d117757b98aed530d9ed4531e3e15460124c106691"},
    {file = "chardet-3.0.4.tar.gz", hash = "sha256:84ab92ed1c4d4f16916e05906b6b75a6c0fb5db821cc65e70cbd64a3e2a5eaae"},
]
click = [
    {file = "click-7.1.2-py2.py3-none-any.whl", hash = "sha256:dacca89f4bfadd5de3d7489b7c8a566eee0d3676333fbb50030263894c38c0dc"},
    {file = "click-7.1.2.tar.gz", hash = "sha256:d2b5255c7c6349bc1bd1e59e08cd12acbbd63ce649f2588755783aa94dfb6b1a"},
]
fasttext = [
    {file = "fasttext-0.9.2.tar.gz", hash = "sha256:665556f1f6dcb4fcbe25fa8ebcd4f71b18fa96a090de09d88d97a60cbd29dcb5"},
]
filelock = [
    {file = "filelock-3.0.12-py3-none-any.whl", hash = "sha256:929b7d63ec5b7d6b71b0fa5ac14e030b3f70b75747cef1b10da9b879fef15836"},
    {file = "filelock-3.0.12.tar.gz", hash = "sha256:18d82244ee114f543149c66a6e0c14e9c4f8a1044b5cdaadd0f82159d6a6ff59"},
]
flask = [
    {file = "Flask-1.1.2-py2.py3-none-any.whl", hash = "sha256:8a4fdd8936eba2512e9c85df320a37e694c93945b33ef33c89946a340a238557"},
    {file = "Flask-1.1.2.tar.gz", hash = "sha256:4efa1ae2d7c9865af48986de8aeb8504bf32c7f3d6fdc9353d34b21f4b127060"},
]
future = [
    {file = "future-0.18.2.tar.gz", hash = "sha256:b1bead90b70cf6ec3f0710ae53a525360fa360d306a86583adc6bf83a4db537d"},
]
idna = [
    {file = "idna-2.10-py2.py3-none-any.whl", hash = "sha256:b97d804b1e9b523befed77c48dacec60e6dcb0b5391d57af6a65a312a90648c0"},
    {file = "idna-2.10.tar.gz", hash = "sha256:b307872f855b18632ce0c21c5e45be78c0ea7ae4c15c828c20788b26921eb3f6"},
]
itsdangerous = [
    {file = "itsdangerous-1.1.0-py2.py3-none-any.whl", hash = "sha256:b12271b2047cb23eeb98c8b5622e2e5c5e9abd9784a153e9d8ef9cb4dd09d749"},
    {file = "itsdangerous-1.1.0.tar.gz", hash = "sha256:321b033d07f2a4136d3ec762eac9f16a10ccd60f53c0c91af90217ace7ba1f19"},
]
jieba = [
    {file = "jieba-0.42.1.tar.gz", hash = "sha256:055ca12f62674fafed09427f176506079bc135638a14e23e25be909131928db2"},
]
jinja2 = [
    {file = "Jinja2-2.11.2-py2.py3-none-any.whl", hash = "sha256:f0a4641d3cf955324a89c04f3d94663aa4d638abe8f733ecd3582848e1c37035"},
    {file = "Jinja2-2.11.2.tar.gz", hash = "sha256:89aab215427ef59c34ad58735269eb58b1a5808103067f7bb9d5836c651b3bb0"},
]
joblib = [
    {file = "joblib-0.16.0-py3-none-any.whl", hash = "sha256:d348c5d4ae31496b2aa060d6d9b787864dd204f9480baaa52d18850cb43e9f49"},
    {file = "joblib-0.16.0.tar.gz", hash = "sha256:8f52bf24c64b608bf0b2563e0e47d6fcf516abc8cfafe10cfd98ad66d94f92d6"},
]
markupsafe = [
    {file = "MarkupSafe-1.1.1-cp27-cp27m-macosx_10_6_intel.whl", hash = "sha256:09027a7803a62ca78792ad89403b1b7a73a01c8cb65909cd876f7fcebd79b161"},
    {file = "MarkupSafe-1.1.1-cp27-cp27m-manylinux1_i686.whl", hash = "sha256:e249096428b3ae81b08327a63a485ad0878de3fb939049038579ac0ef61e17e7"},
    {file = "MarkupSafe-1.1.1-cp27-cp27m-manylinux1_x86_64.whl", hash = "sha256:500d4957e52ddc3351cabf489e79c91c17f6e0899158447047588650b5e69183"},
    {file = "MarkupSafe-1.1.1-cp27-cp27m-win32.whl", hash = "sha256:b2051432115498d3562c084a49bba65d97cf251f5a331c64a12ee7e04dacc51b"},
    {file = "MarkupSafe-1.1.1-cp27-cp27m-win_amd64.whl", hash = "sha256:98c7086708b163d425c67c7a91bad6e466bb99d797aa64f965e9d25c12111a5e"},
    {file = "MarkupSafe-1.1.1-cp27-cp27mu-manylinux1_i686.whl", hash = "sha256:cd5df75523866410809ca100dc9681e301e3c27567cf498077e8551b6d20e42f"},
    {file = "MarkupSafe-1.1.1-cp27-cp27mu-manylinux1_x86_64.whl", hash = "sha256:43a55c2930bbc139570ac2452adf3d70cdbb3cfe5912c71cdce1c2c6bbd9c5d1"},
    {file = "MarkupSafe-1.1.1-cp34-cp34m-macosx_10_6_intel.whl", hash = "sha256:1027c282dad077d0bae18be6794e6b6b8c91d58ed8a8d89a89d59693b9131db5"},
    {file = "MarkupSafe-1.1.1-cp34-cp34m-manylinux1_i686.whl", hash = "sha256:62fe6c95e3ec8a7fad637b7f3d372c15ec1caa01ab47926cfdf7a75b40e0eac1"},
    {file = "MarkupSafe-1.1.1-cp34-cp34m-manylinux1_x86_64.whl", hash = "sha256:88e5fcfb52ee7b911e8bb6d6aa2fd21fbecc674eadd44118a9cc3863f938e735"},
    {file = "MarkupSafe-1.1.1-cp34-cp34m-win32.whl", hash = "sha256:ade5e387d2ad0d7ebf59146cc00c8044acbd863725f887353a10df825fc8ae21"},
    {file = "MarkupSafe-1.1.1-cp34-cp34m-win_amd64.whl", hash = "sha256:09c4b7f37d6c648cb13f9230d847adf22f8171b1ccc4d5682398e77f40309235"},
    {file = "MarkupSafe-1.1.1-cp35-cp35m-macosx_10_6_intel.whl", hash = "sha256:79855e1c5b8da654cf486b830bd42c06e8780cea587384cf6545b7d9ac013a0b"},
    {file = "MarkupSafe-1.1.1-cp35-cp35m-manylinux1_i686.whl", hash = "sha256:c8716a48d94b06bb3b2524c2b77e055fb313aeb4ea620c8dd03a105574ba704f"},
    {file = "MarkupSafe-1.1.1-cp35-cp35m-manylinux1_x86_64.whl", hash = "sha256:7c1699dfe0cf8ff607dbdcc1e9b9af1755371f92a68f706051cc8c37d447c905"},
    {file = "MarkupSafe-1.1.1-cp35-cp35m-win32.whl", hash = "sha256:6dd73240d2af64df90aa7c4e7481e23825ea70af4b4922f8ede5b9e35f78a3b1"},
    {file = "MarkupSafe-1.1.1-cp35-cp35m-win_amd64.whl", hash = "sha256:9add70b36c5666a2ed02b43b335fe19002ee5235efd4b8a89bfcf9005bebac0d"},
    {file = "MarkupSafe-1.1.1-cp36-cp36m-macosx_10_6_intel.whl", hash = "sha256:24982cc2533820871eba85ba648cd53d8623687ff11cbb805be4ff7b4c971aff"},
    {file = "MarkupSafe-1.1.1-cp36-cp36m-manylinux1_i686.whl", hash = "sha256:00bc623926325b26bb9605ae9eae8a215691f33cae5df11ca5424f06f2d1f473"},
    {file = "MarkupSafe-1.1.1-cp36-cp36m-manylinux1_x86_64.whl", hash = "sha256:717ba8fe3ae9cc0006d7c451f0bb265ee07739daf76355d06366154ee68d221e"},
    {file = "MarkupSafe-1.1.1-cp36-cp36m-win32.whl", hash = "sha256:535f6fc4d397c1563d08b88e485c3496cf5784e927af890fb3c3aac7f933ec66"},
    {file = "MarkupSafe-1.1.1-cp36-cp36m-win_amd64.whl", hash = "sha256:b1282f8c00509d99fef04d8ba936b156d419be841854fe901d8ae224c59f0be5"},
    {file = "MarkupSafe-1.1.1-cp37-cp37m-macosx_10_6_intel.whl", hash = "sha256:8defac2f2ccd6805ebf65f5eeb132adcf2ab57aa11fdf4c0dd5169a004710e7d"},
    {file = "MarkupSafe-1.1.1-cp37-cp37m-manylinux1_i686.whl", hash = "sha256:46c99d2de99945ec5cb54f23c8cd5689f6d7177305ebff350a58ce5f8de1669e"},
    {file = "MarkupSafe-1.1.1-cp37-cp37m-manylinux1_x86_64.whl", hash = "sha256:ba59edeaa2fc6114428f1637ffff42da1e311e29382d81b339c1817d37ec93c6"},
    {file = "MarkupSafe-1.1.1-cp37-cp37m-win32.whl", hash = "sha256:b00c1de48212e4cc9603895652c5c410df699856a2853135b3967591e4beebc2"},
    {file = "MarkupSafe-1.1.1-cp37-cp37m-win_amd64.whl", hash = "sha256:9bf40443012702a1d2070043cb6291650a0841ece432556f784f004937f0f32c"},
    {file = "MarkupSafe-1.1.1-cp38-cp38-macosx_10_9_x86_64.whl", hash = "sha256:6788b695d50a51edb699cb55e35487e430fa21f1ed838122d722e0ff0ac5ba15"},
    {file = "MarkupSafe-1.1.1-cp38-cp38-manylinux1_i686.whl", hash = "sha256:cdb132fc825c38e1aeec2c8aa9338310d29d337bebbd7baa06889d09a60a1fa2"},
    {file = "MarkupSafe-1.1.1-cp38-cp38-manylinux1_x86_64.whl", hash = "sha256:13d3144e1e340870b25e7b10b98d779608c02016d5184cfb9927a9f10c689f42"},
    {file = "MarkupSafe-1.1.1-cp38-cp38-win32.whl", hash = "sha256:596510de112c685489095da617b5bcbbac7dd6384aeebeda4df6025d0256a81b"},
    {file = "MarkupSafe-1.1.1-cp38-cp38-win_amd64.whl", hash = "sha256:e8313f01ba26fbbe36c7be1966a7b7424942f670f38e666995b88d012765b9be"},
    {file = "MarkupSafe-1.1.1.tar.gz", hash = "sha256:29872e92839765e546828bb7754a68c418d927cd064fd4708fab9fe9c8bb116b"},
]
mecab-python3 = [
    {file = "mecab-python3-1.0.0.tar.gz", hash = "sha256:5c92be050b32e4cdc1811955e5ea60ae0fc6c7176d4d5e82c5d09530c317a476"},
    {file = "mecab_python3-1.0.0-cp27-cp27m-macosx_10_9_x86_64.whl", hash = "sha256:79347e2b82774651abc071f1b15efe4b146f5d4ca724f43c6d99c04707fadc9f"},
    {file = "mecab_python3-1.0.0-cp27-cp27m-manylinux1_i686.whl", hash = "sha256:48605fcac3c308b03a0154359e7e7efbc7c88d1e020510576a1945f96129d75f"},
    {file = "mecab_python3-1.0.0-cp27-cp27m-manylinux1_x86_64.whl", hash = "sha256:d8b29d613549636d32ae17c897d63c8d868867787665307cfa08d62da493073b"},
    {file = "mecab_python3-1.0.0-cp27-cp27m-manylinux2010_i686.whl", hash = "sha256:d1699451a81c6494c2c330dffcdf0daa6cd2b51e3623bcce5f9471ecbcdefc7d"},
    {file = "mecab_python3-1.0.0-cp27-cp27m-manylinux2010_x86_64.whl", hash = "sha256:910366058147dce0c5eb37b7651b0c7f5611ac3a5f60a9ac28d65673d225268e"},
    {file = "mecab_python3-1.0.0-cp27-cp27mu-manylinux1_i686.whl", hash = "sha256:8f0d58465f8545622e95a2c6e9b32e1a7a890797386e27dbef2d4dfff4d2fa81"},
    {file = "mecab_python3-1.0.0-cp27-cp27mu-manylinux1_x86_64.whl", hash = "sha256:3890c0eb49fb886575a8a4c312ffc39efa94fa629a6decfa47646addee953b64"},
    {file = "mecab_python3-1.0.0-cp27-cp27mu-manylinux2010_i686.whl", hash = "sha256:9de6227fd4c5f76b3dbae9c7141fdd36a49e7c99b42b2a17b3dadcf498223b96"},
    {file = "mecab_python3-1.0.0-cp27-cp27mu-manylinux2010_x86_64.whl", hash = "sha256:4fdd0db64a3ff8ac202ef55dff6ab222d8472b73b2aedd92925e856c50365385"},
    {file = "mecab_python3-1.0.0-cp35-cp35m-manylinux1_i686.whl", hash = "sha256:c96c5873836cf3f25b71be29b84c4105f0a33bd155ae44323a1b17ca26c3e12b"},
    {file = "mecab_python3-1.0.0-cp35-cp35m-manylinux1_x86_64.whl", hash = "sha256:f0b51a7f6a81f59e86ec014f61a425af5874c0e7a846dbc2bfed8e3ff316e6b0"},
    {file = "mecab_python3-1.0.0-cp35-cp35m-manylinux2010_i686.whl", hash = "sha256:ebf79fc83b31b3c7b95b0b6053ea0dbc8c9ae941078444d5b40a3f9b4932080e"},
    {file = "mecab_python3-1.0.0-cp35-cp35m-manylinux2010_x86_64.whl", hash = "sha256:0989020517bdc0b8b980cc9cfe2f6082e80bfc19af6b4c7e526766bc92ab9cc5"},
    {file = "mecab_python3-1.0.0-cp35-cp35m-win_amd64.whl", hash = "sha256:43fe8ca1c23bede8f2a001a965c469b868de94c442d4979c1c57841e899fafdd"},
    {file = "mecab_python3-1.0.0-cp36-cp36m-macosx_10_9_x86_64.whl", hash = "sha256:e02082c6873550d20550480405d562b4cde00e1307df3fe9aa1e278d731dd153"},
    {file = "mecab_python3-1.0.0-cp36-cp36m-manylinux1_i686.whl", hash = "sha256:1e41b7993b61f61956a59f273161b6f487c7fb7647772be100919812bd3d3c65"},
    {file = "mecab_python3-1.0.0-cp36-cp36m-manylinux1_x86_64.whl", hash = "sha256:b968e61cc308a569c4da9351c1cc99468e320579a39c640511075d202acfc018"},
    {file = "mecab_python3-1.0.0-cp36-cp36m-manylinux2010_i686.whl", hash = "sha256:4a1271e3a900db8c61787b45bf868a33e6d2107581b983c00f58f98f493f64e5"},
    {file = "mecab_python3-1.0.0-cp36-cp36m-manylinux2010_x86_64.whl", hash = "sha256:bf9f976abdc446180afa7e6af6f4ed61990eba8ea8d5f01529d91cca403dc253"},
    {file = "mecab_python3-1.0.0-cp36-cp36m-win_amd64.whl", hash = "sha256:1a09ed83dd80787583fe716d8d6f6f78939bcec1cb806fa6667dfaaad4c2d5ae"},
    {file = "mecab_python3-1.0.0-cp37-cp37m-macosx_10_9_x86_64.whl", hash = "sha256:1121192cda163aceb9b3f12e9f1dda12abfd4510e9e858058a65b8728ff4b08b"},
    {file = "mecab_python3-1.0.0-cp37-cp37m-manylinux1_i686.whl", hash = "sha256:f146010b3af47db089364c62413231e1438345765242c70c43585e4ee7aeffa8"},
    {file = "mecab_python3-1.0.0-cp37-cp37m-manylinux1_x86_64.whl", hash = "sha256:abd289cd082454245c8c1e23dfd15e35a7ac09a1b47d82c34dfbe5e5bd691146"},
    {file = "mecab_python3-1.0.0-cp37-cp37m-manylinux2010_i686.whl", hash = "sha256:9daaee7a0c234125c12abb8d83a806b8caf18ecf146871e6cce5c16ca20d6c6c"},
    {file = "mecab_python3-1.0.0-cp37-cp37m-manylinux2010_x86_64.whl", hash = "sha256:9fa83cb4f8744d21c4e0fb8abaeebf71e2c32ecf0b697fe629a42cff591a468d"},
    {file = "mecab_python3-1.0.0-cp37-cp37m-win_amd64.whl", hash = "sha256:4c01f1c7e4622eb4c812151bf29dd44cd869629fbf9353171bef4867a3464651"},
    {file = "mecab_python3-1.0.0-cp38-cp38-macosx_10_9_x86_64.whl", hash = "sha256:a912eee399754a656ebeffbad3b5f3077480d15ccc0156216872f0309a8ce2bc"},
    {file = "mecab_python3-1.0.0-cp38-cp38-manylinux1_i686.whl", hash = "sha256:18edc47bf0daec5a7c428f468f4ff12269f06138639b41688a91ae22f112b135"},
    {file = "mecab_python3-1.0.0-cp38-cp38-manylinux1_x86_64.whl", hash = "sha256:05ca239ec76da50800ba18bd383736e1a1a7df0db05fd2b6525d34e3b039f120"},
    {file = "mecab_python3-1.0.0-cp38-cp38-manylinux2010_i686.whl", hash = "sha256:6667fd513a53c2430cfe7ea165c3e7761c3c93189922237e953ab1672c506375"},
    {file = "mecab_python3-1.0.0-cp38-cp38-manylinux2010_x86_64.whl", hash = "sha256:edb47e1e34854d62131d2c29ff65a863812a8980ab46aed11faa565e9bc42521"},
    {file = "mecab_python3-1.0.0-cp38-cp38-win_amd64.whl", hash = "sha256:f020a1d9393824de59df0eae1fb551f5025fc37e263ab30bd10ac0ca4bd34bb1"},
]
numpy = [
    {file = "numpy-1.19.0-cp36-cp36m-macosx_10_9_x86_64.whl", hash = "sha256:63d971bb211ad3ca37b2adecdd5365f40f3b741a455beecba70fd0dde8b2a4cb"},
    {file = "numpy-1.19.0-cp36-cp36m-manylinux1_i686.whl", hash = "sha256:b6aaeadf1e4866ca0fdf7bb4eed25e521ae21a7947c59f78154b24fc7abbe1dd"},
    {file = "numpy-1.19.0-cp36-cp36m-manylinux1_x86_64.whl", hash = "sha256:13af0184177469192d80db9bd02619f6fa8b922f9f327e077d6f2a6acb1ce1c0"},
    {file = "numpy-1.19.0-cp36-cp36m-manylinux2010_i686.whl", hash = "sha256:356f96c9fbec59974a592452ab6a036cd6f180822a60b529a975c9467fcd5f23"},
    {file = "numpy-1.19.0-cp36-cp36m-manylinux2010_x86_64.whl", hash = "sha256:fa1fe75b4a9e18b66ae7f0b122543c42debcf800aaafa0212aaff3ad273c2596"},
    {file = "numpy-1.19.0-cp36-cp36m-manylinux2014_aarch64.whl", hash = "sha256:cbe326f6d364375a8e5a8ccb7e9cd73f4b2f6dc3b2ed205633a0db8243e2a96a"},
    {file = "numpy-1.19.0-cp36-cp36m-win32.whl", hash = "sha256:a2e3a39f43f0ce95204beb8fe0831199542ccab1e0c6e486a0b4947256215632"},
    {file = "numpy-1.19.0-cp36-cp36m-win_amd64.whl", hash = "sha256:7b852817800eb02e109ae4a9cef2beda8dd50d98b76b6cfb7b5c0099d27b52d4"},
    {file = "numpy-1.19.0-cp37-cp37m-macosx_10_9_x86_64.whl", hash = "sha256:d97a86937cf9970453c3b62abb55a6475f173347b4cde7f8dcdb48c8e1b9952d"},
    {file = "numpy-1.19.0-cp37-cp37m-manylinux1_i686.whl", hash = "sha256:a86c962e211f37edd61d6e11bb4df7eddc4a519a38a856e20a6498c319efa6b0"},
    {file = "numpy-1.19.0-cp37-cp37m-manylinux1_x86_64.whl", hash = "sha256:d34fbb98ad0d6b563b95de852a284074514331e6b9da0a9fc894fb1cdae7a79e"},
    {file = "numpy-1.19.0-cp37-cp37m-manylinux2010_i686.whl", hash = "sha256:658624a11f6e1c252b2cd170d94bf28c8f9410acab9f2fd4369e11e1cd4e1aaf"},
    {file = "numpy-1.19.0-cp37-cp37m-manylinux2010_x86_64.whl", hash = "sha256:4d054f013a1983551254e2379385e359884e5af105e3efe00418977d02f634a7"},
    {file = "numpy-1.19.0-cp37-cp37m-manylinux2014_aarch64.whl", hash = "sha256:26a45798ca2a4e168d00de75d4a524abf5907949231512f372b217ede3429e98"},
    {file = "numpy-1.19.0-cp37-cp37m-win32.whl", hash = "sha256:3c40c827d36c6d1c3cf413694d7dc843d50997ebffbc7c87d888a203ed6403a7"},
    {file = "numpy-1.19.0-cp37-cp37m-win_amd64.whl", hash = "sha256:be62aeff8f2f054eff7725f502f6228298891fd648dc2630e03e44bf63e8cee0"},
    {file = "numpy-1.19.0-cp38-cp38-macosx_10_9_x86_64.whl", hash = "sha256:dd53d7c4a69e766e4900f29db5872f5824a06827d594427cf1a4aa542818b796"},
    {file = "numpy-1.19.0-cp38-cp38-manylinux1_i686.whl", hash = "sha256:30a59fb41bb6b8c465ab50d60a1b298d1cd7b85274e71f38af5a75d6c475d2d2"},
    {file = "numpy-1.19.0-cp38-cp38-manylinux1_x86_64.whl", hash = "sha256:df1889701e2dfd8ba4dc9b1a010f0a60950077fb5242bb92c8b5c7f1a6f2668a"},
    {file = "numpy-1.19.0-cp38-cp38-manylinux2010_i686.whl", hash = "sha256:33c623ef9ca5e19e05991f127c1be5aeb1ab5cdf30cb1c5cf3960752e58b599b"},
    {file = "numpy-1.19.0-cp38-cp38-manylinux2010_x86_64.whl", hash = "sha256:26f509450db547e4dfa3ec739419b31edad646d21fb8d0ed0734188b35ff6b27"},
    {file = "numpy-1.19.0-cp38-cp38-manylinux2014_aarch64.whl", hash = "sha256:7b57f26e5e6ee2f14f960db46bd58ffdca25ca06dd997729b1b179fddd35f5a3"},
    {file = "numpy-1.19.0-cp38-cp38-win32.whl", hash = "sha256:a8705c5073fe3fcc297fb8e0b31aa794e05af6a329e81b7ca4ffecab7f2b95ef"},
    {file = "numpy-1.19.0-cp38-cp38-win_amd64.whl", hash = "sha256:c2edbb783c841e36ca0fa159f0ae97a88ce8137fb3a6cd82eae77349ba4b607b"},
    {file = "numpy-1.19.0-pp36-pypy36_pp73-manylinux2010_x86_64.whl", hash = "sha256:8cde829f14bd38f6da7b2954be0f2837043e8b8d7a9110ec5e318ae6bf706610"},
    {file = "numpy-1.19.0.zip", hash = "sha256:76766cc80d6128750075378d3bb7812cf146415bd29b588616f72c943c00d598"},
]
packaging = [
    {file = "packaging-20.4-py2.py3-none-any.whl", hash = "sha256:998416ba6962ae7fbd6596850b80e17859a5753ba17c32284f67bfff33784181"},
    {file = "packaging-20.4.tar.gz", hash = "sha256:4357f74f47b9c12db93624a82154e9b120fa8293699949152b22065d556079f8"},
]
pybind11 = [
    {file = "pybind11-2.5.0-py2.py3-none-any.whl", hash = "sha256:205d9f9615eac190811cb8c3c2b2f95f6844ddba0fa0a1d45d00793338741601"},
    {file = "pybind11-2.5.0.tar.gz", hash = "sha256:ea5a4e7a880112915463826f1acbec5892df36dfe102ecb249229ac514fb54ad"},
]
pycodestyle = [
    {file = "pycodestyle-2.6.0-py2.py3-none-any.whl", hash = "sha256:2295e7b2f6b5bd100585ebcb1f616591b652db8a741695b3d8f5d28bdc934367"},
    {file = "pycodestyle-2.6.0.tar.gz", hash = "sha256:c58a7d2815e0e8d7972bf1803331fb0152f867bd89adf8a01dfd55085434192e"},
]
pyparsing = [
    {file = "pyparsing-2.4.7-py2.py3-none-any.whl", hash = "sha256:ef9d7589ef3c200abe66653d3f1ab1033c3c419ae9b9bdb1240a85b024efc88b"},
    {file = "pyparsing-2.4.7.tar.gz", hash = "sha256:c203ec8783bf771a155b207279b9bccb8dea02d8f0c9e5f8ead507bc3246ecc1"},
]
regex = [
    {file = "regex-2020.6.8-cp27-cp27m-win32.whl", hash = "sha256:fbff901c54c22425a5b809b914a3bfaf4b9570eee0e5ce8186ac71eb2025191c"},
    {file = "regex-2020.6.8-cp27-cp27m-win_amd64.whl", hash = "sha256:112e34adf95e45158c597feea65d06a8124898bdeac975c9087fe71b572bd938"},
    {file = "regex-2020.6.8-cp36-cp36m-manylinux1_i686.whl", hash = "sha256:92d8a043a4241a710c1cf7593f5577fbb832cf6c3a00ff3fc1ff2052aff5dd89"},
    {file = "regex-2020.6.8-cp36-cp36m-manylinux1_x86_64.whl", hash = "sha256:bae83f2a56ab30d5353b47f9b2a33e4aac4de9401fb582b55c42b132a8ac3868"},
    {file = "regex-2020.6.8-cp36-cp36m-manylinux2010_i686.whl", hash = "sha256:b2ba0f78b3ef375114856cbdaa30559914d081c416b431f2437f83ce4f8b7f2f"},
    {file = "regex-2020.6.8-cp36-cp36m-manylinux2010_x86_64.whl", hash = "sha256:95fa7726d073c87141f7bbfb04c284901f8328e2d430eeb71b8ffdd5742a5ded"},
    {file = "regex-2020.6.8-cp36-cp36m-win32.whl", hash = "sha256:e3cdc9423808f7e1bb9c2e0bdb1c9dc37b0607b30d646ff6faf0d4e41ee8fee3"},
    {file = "regex-2020.6.8-cp36-cp36m-win_amd64.whl", hash = "sha256:c78e66a922de1c95a208e4ec02e2e5cf0bb83a36ceececc10a72841e53fbf2bd"},
    {file = "regex-2020.6.8-cp37-cp37m-manylinux1_i686.whl", hash = "sha256:08997a37b221a3e27d68ffb601e45abfb0093d39ee770e4257bd2f5115e8cb0a"},
    {file = "regex-2020.6.8-cp37-cp37m-manylinux1_x86_64.whl", hash = "sha256:2f6f211633ee8d3f7706953e9d3edc7ce63a1d6aad0be5dcee1ece127eea13ae"},
    {file = "regex-2020.6.8-cp37-cp37m-manylinux2010_i686.whl", hash = "sha256:55b4c25cbb3b29f8d5e63aeed27b49fa0f8476b0d4e1b3171d85db891938cc3a"},
    {file = "regex-2020.6.8-cp37-cp37m-manylinux2010_x86_64.whl", hash = "sha256:89cda1a5d3e33ec9e231ece7307afc101b5217523d55ef4dc7fb2abd6de71ba3"},
    {file = "regex-2020.6.8-cp37-cp37m-win32.whl", hash = "sha256:690f858d9a94d903cf5cada62ce069b5d93b313d7d05456dbcd99420856562d9"},
    {file = "regex-2020.6.8-cp37-cp37m-win_amd64.whl", hash = "sha256:1700419d8a18c26ff396b3b06ace315b5f2a6e780dad387e4c48717a12a22c29"},
    {file = "regex-2020.6.8-cp38-cp38-manylinux1_i686.whl", hash = "sha256:654cb773b2792e50151f0e22be0f2b6e1c3a04c5328ff1d9d59c0398d37ef610"},
    {file = "regex-2020.6.8-cp38-cp38-manylinux1_x86_64.whl", hash = "sha256:52e1b4bef02f4040b2fd547357a170fc1146e60ab310cdbdd098db86e929b387"},
    {file = "regex-2020.6.8-cp38-cp38-manylinux2010_i686.whl", hash = "sha256:cf59bbf282b627130f5ba68b7fa3abdb96372b24b66bdf72a4920e8153fc7910"},
    {file = "regex-2020.6.8-cp38-cp38-manylinux2010_x86_64.whl", hash = "sha256:5aaa5928b039ae440d775acea11d01e42ff26e1561c0ffcd3d805750973c6baf"},
    {file = "regex-2020.6.8-cp38-cp38-win32.whl", hash = "sha256:97712e0d0af05febd8ab63d2ef0ab2d0cd9deddf4476f7aa153f76feef4b2754"},
    {file = "regex-2020.6.8-cp38-cp38-win_amd64.whl", hash = "sha256:6ad8663c17db4c5ef438141f99e291c4d4edfeaacc0ce28b5bba2b0bf273d9b5"},
    {file = "regex-2020.6.8.tar.gz", hash = "sha256:e9b64e609d37438f7d6e68c2546d2cb8062f3adb27e6336bc129b51be20773ac"},
]
requests = [
    {file = "requests-2.24.0-py2.py3-none-any.whl", hash = "sha256:fe75cc94a9443b9246fc7049224f75604b113c36acb93f87b80ed42c44cbb898"},
    {file = "requests-2.24.0.tar.gz", hash = "sha256:b3559a131db72c33ee969480840fff4bb6dd111de7dd27c8ee1f820f4f00231b"},
]
sacremoses = [
    {file = "sacremoses-0.0.43.tar.gz", hash = "sha256:123c1bf2664351fb05e16f87d3786dbe44a050cfd7b85161c09ad9a63a8e2948"},
]
sentencepiece = [
    {file = "sentencepiece-0.1.92-cp27-cp27m-macosx_10_6_x86_64.whl", hash = "sha256:366cd4e01e723075786f0383d6b153965c09567ced96618dc2a3be2ca7353d5a"},
    {file = "sentencepiece-0.1.92-cp27-cp27m-manylinux1_i686.whl", hash = "sha256:d1a2d2d83e1e9b38f873fadef090c0d6c020f522bf7f256b92ffe5464e0d8ef9"},
    {file = "sentencepiece-0.1.92-cp27-cp27m-manylinux1_x86_64.whl", hash = "sha256:040c91321e3ad1b468283a2518bdcddcd7eaed61072dbe65357f03551b2a33c4"},
    {file = "sentencepiece-0.1.92-cp27-cp27mu-manylinux1_i686.whl", hash = "sha256:e6e32647417084623b4d17ec2e16de4be112198be9536d760ade05fb53749a3b"},
    {file = "sentencepiece-0.1.92-cp27-cp27mu-manylinux1_x86_64.whl", hash = "sha256:997bc09c70e9d6f8b880bffaf83900cf1dabf65afd0b4ea5461b4c813caaec40"},
    {file = "sentencepiece-0.1.92-cp35-cp35m-macosx_10_6_x86_64.whl", hash = "sha256:d15c0550b9e034ed7c43357abfbbe05e8c05e63116162ca9e2c4557b6dca2653"},
    {file = "sentencepiece-0.1.92-cp35-cp35m-manylinux1_i686.whl", hash = "sha256:3d6760dad64d228bbd655aee5063a379e05d348efb3914334110e813fb0db941"},
    {file = "sentencepiece-0.1.92-cp35-cp35m-manylinux1_x86_64.whl", hash = "sha256:e6ab8b0b67b345581aa0b49c0fc58a8c7515eb4a27b9cc24d3cbfe2affbdd7e8"},
    {file = "sentencepiece-0.1.92-cp36-cp36m-macosx_10_6_x86_64.whl", hash = "sha256:9939d818053e0929edbb144f14487e2cd007a32445658aa0376673aefc87d6d3"},
    {file = "sentencepiece-0.1.92-cp36-cp36m-manylinux1_i686.whl", hash = "sha256:7755b14655e882fffeb4b76571bc6074d048727fb3b081b7605381edadcf9442"},
    {file = "sentencepiece-0.1.92-cp36-cp36m-manylinux1_x86_64.whl", hash = "sha256:7fd16c761339f593596b63e50810a2d2eff964d428ab79a49674c7371c055561"},
    {file = "sentencepiece-0.1.92-cp36-cp36m-win32.whl", hash = "sha256:de808a218b197e6105bacafe0008a1c76d5c5d9be3d10dc4c6d2974653f01034"},
    {file = "sentencepiece-0.1.92-cp36-cp36m-win_amd64.whl", hash = "sha256:fa9cb02572bc28dad2c53761678d314e194bd8d3a87a3eb545427915b5034c57"},
    {file = "sentencepiece-0.1.92-cp37-cp37m-macosx_10_6_x86_64.whl", hash = "sha256:3d8c36c21d4ed395f24b98e3289128448e23288b8f1a9242d5f33df13d16fd90"},
    {file = "sentencepiece-0.1.92-cp37-cp37m-manylinux1_i686.whl", hash = "sha256:b36a8dfd4de5c65ed0712839985efa4ecd21b645d870db5c18823b29f6c9117a"},
    {file = "sentencepiece-0.1.92-cp37-cp37m-manylinux1_x86_64.whl", hash = "sha256:da5e5c29b4754da8cda52e72a1bfcfddd7d60bfe73bdf8e286650eacc205ac62"},
    {file = "sentencepiece-0.1.92-cp37-cp37m-win32.whl", hash = "sha256:ef587b573700e77e6bd8e4d702e71129ec71171c712cd15bac351d5726d611fa"},
    {file = "sentencepiece-0.1.92-cp37-cp37m-win_amd64.whl", hash = "sha256:c46a687723433d2e933ecbe201d818c3b7a18d0e0043794ed750c3472391b0c7"},
    {file = "sentencepiece-0.1.92-cp38-cp38-macosx_10_6_x86_64.whl", hash = "sha256:8e314d06ff358881df0ee784f653d222c4ea551eb7fcac00c80b082d63810602"},
    {file = "sentencepiece-0.1.92-cp38-cp38-manylinux1_i686.whl", hash = "sha256:fbb9060839c95799029f4ddf2154aa0fd2e73836e589b1c8ea02ece236252599"},
    {file = "sentencepiece-0.1.92-cp38-cp38-manylinux1_x86_64.whl", hash = "sha256:0ae4ff32626786d8c46823bdffce1098dcd5c8fdf0875000b9b95974301d8162"},
    {file = "sentencepiece-0.1.92-cp38-cp38-win32.whl", hash = "sha256:f7a695e6bfc1a78dddacb0cbbbaba02a12da26ec1570cb91a9744fd46467a9fc"},
    {file = "sentencepiece-0.1.92-cp38-cp38-win_amd64.whl", hash = "sha256:21c23ebe3c7299bd3d2e09f68a669b28d3a2f652f67798176840b5a31f952667"},
    {file = "sentencepiece-0.1.92.tar.gz", hash = "sha256:5daf059b31ef82b52698f86891ed8376550d36a5b87a4a3590a94a255346ee08"},
]
six = [
    {file = "six-1.15.0-py2.py3-none-any.whl", hash = "sha256:8b74bedcbbbaca38ff6d7491d76f2b06b3592611af620f8426e82dddb04a5ced"},
    {file = "six-1.15.0.tar.gz", hash = "sha256:30639c035cdb23534cd4aa2dd52c3bf48f06e5f4a941509c8bafd8ce11080259"},
]
tokenizers = [
    {file = "tokenizers-0.7.0-cp35-cp35m-macosx_10_10_x86_64.whl", hash = "sha256:c9edc043bc14462faf8b261b528661718e9c4f0b8424fb25be71cae26187432a"},
    {file = "tokenizers-0.7.0-cp35-cp35m-manylinux1_x86_64.whl", hash = "sha256:892dac477347c65d65eef5092e9aa0c02df17f1a6d2113380277505bc6ae1db4"},
    {file = "tokenizers-0.7.0-cp35-cp35m-win32.whl", hash = "sha256:aa7d429b4c2978e1b2265a9fdbf27fe723f3acb9d58cebd6756ef20584d2d5e5"},
    {file = "tokenizers-0.7.0-cp35-cp35m-win_amd64.whl", hash = "sha256:8f4203683b66369defa6fdd91ba07828715537ff31258dab171e4029bf54f7c9"},
    {file = "tokenizers-0.7.0-cp36-cp36m-macosx_10_10_x86_64.whl", hash = "sha256:e0faee1f08daaec0f9220967c8209b19e147e6eda55a22bea8fcc6f06aee95c7"},
    {file = "tokenizers-0.7.0-cp36-cp36m-manylinux1_x86_64.whl", hash = "sha256:17793599e4a0bb71730e366ecef47e4c0df2a79b4418d7557bf3af6cb995f8ba"},
    {file = "tokenizers-0.7.0-cp36-cp36m-win32.whl", hash = "sha256:fe3c994d2a993d32effcaf8600bf6ac29ef7de84519669f0efadb54f94d411a3"},
    {file = "tokenizers-0.7.0-cp36-cp36m-win_amd64.whl", hash = "sha256:83da606afe2a5e7941a25490d841924750d55d7667284d2d2ded2de520181790"},
    {file = "tokenizers-0.7.0-cp37-cp37m-macosx_10_10_x86_64.whl", hash = "sha256:1b28e8ec30eea03b0d9bf7fe80c6fd240b7e5b76e7ec9542af0a48ffc1853a16"},
    {file = "tokenizers-0.7.0-cp37-cp37m-manylinux1_x86_64.whl", hash = "sha256:695657cddabb9bb08444ba1bed822302039983c63d046e93760eb993739c3c10"},
    {file = "tokenizers-0.7.0-cp37-cp37m-win32.whl", hash = "sha256:a0abe20c50ca0760a895da33f1b55d452f21e55bddc418007d92d8665e86feb7"},
    {file = "tokenizers-0.7.0-cp37-cp37m-win_amd64.whl", hash = "sha256:b319d70f50c851ec4ae9a3d5c4eae1e3f74f8d720d61bc3d430915868a06a4a8"},
    {file = "tokenizers-0.7.0-cp38-cp38-macosx_10_10_x86_64.whl", hash = "sha256:f22ea3a79daf3705d9a8446821b3e202e8cc79467df7db75875d1fbb85d7c852"},
    {file = "tokenizers-0.7.0-cp38-cp38-manylinux1_x86_64.whl", hash = "sha256:2b101a752ee6147c4a5e08daa9c7d617259483fd4b0c70e7dfddfcadc8a73d2f"},
    {file = "tokenizers-0.7.0-cp38-cp38-win32.whl", hash = "sha256:03ad125d12e69a343763dbb160f43d953513cb32c5e11674c09431133ebcfd8b"},
    {file = "tokenizers-0.7.0-cp38-cp38-win_amd64.whl", hash = "sha256:40520c333c1d602d0f99602bfeecd8f734188fc4360268ec7eb4d8b8570c6e95"},
    {file = "tokenizers-0.7.0.tar.gz", hash = "sha256:a3cb9be31e3be381ab3f9e9ea7f96d4ba83588c40c44fe63b535b7341cdf74fe"},
]
toml = [
    {file = "toml-0.10.1-py2.py3-none-any.whl", hash = "sha256:bda89d5935c2eac546d648028b9901107a595863cb36bae0c73ac804a9b4ce88"},
    {file = "toml-0.10.1.tar.gz", hash = "sha256:926b612be1e5ce0634a2ca03470f95169cf16f939018233a670519cb4ac58b0f"},
]
torch = [
    {file = "torch-1.5.1-cp35-cp35m-manylinux1_x86_64.whl", hash = "sha256:b84fd18fd8216b74a19828433c3beeb1f0d1d29f45dead3be9ed784ae6855966"},
    {file = "torch-1.5.1-cp35-none-macosx_10_6_x86_64.whl", hash = "sha256:5d909a55cd979fec2c9a7aa35012024b9cc106acbc496faf5de798b148406450"},
    {file = "torch-1.5.1-cp36-cp36m-manylinux1_x86_64.whl", hash = "sha256:a358cee1d35b86757bf915e320ba776d39c20e60db50779060842efc86f02edd"},
    {file = "torch-1.5.1-cp36-none-macosx_10_9_x86_64.whl", hash = "sha256:0a83f41140222c7cc947aa29ed253f3e6fa490606d3d4acd02bfd9f338e3c707"},
    {file = "torch-1.5.1-cp37-cp37m-manylinux1_x86_64.whl", hash = "sha256:70046cf66eb40ead89df25b8dcc571c3007fc9849d4e1d254cc09b4b355374d4"},
    {file = "torch-1.5.1-cp37-none-macosx_10_9_x86_64.whl", hash = "sha256:bb2a3e6c9c9dbfda856bd1b1a55d88789a9488b569ffba9cd6d9aa536ef866ba"},
    {file = "torch-1.5.1-cp38-cp38-manylinux1_x86_64.whl", hash = "sha256:c42658f2982591dc4d0459645c9ab26e0ce18aa7ab0993c27c8bcb1c98931d11"},
    {file = "torch-1.5.1-cp38-none-macosx_10_9_x86_64.whl", hash = "sha256:ff1dbeaa017bae66036e8e7a698a5475ac5a0d7b0a690f0a04ac3b1133b1feb3"},
]
tqdm = [
    {file = "tqdm-4.47.0-py2.py3-none-any.whl", hash = "sha256:7810e627bcf9d983a99d9ff8a0c09674400fd2927eddabeadf153c14a2ec8656"},
    {file = "tqdm-4.47.0.tar.gz", hash = "sha256:63ef7a6d3eb39f80d6b36e4867566b3d8e5f1fe3d6cb50c5e9ede2b3198ba7b7"},
]
transformers = [
    {file = "transformers-2.11.0-py3-none-any.whl", hash = "sha256:b3e5198266f2a4b14841c70427cad46b89f473e6b0d0d3ab7461bf775f31631d"},
    {file = "transformers-2.11.0.tar.gz", hash = "sha256:8de20f03a94ebf16d98610a7df0acc6ba68c80bd44605cf5ad4300c642a7b57a"},
]
unidic-lite = [
    {file = "unidic-lite-1.0.6.tar.gz", hash = "sha256:922fce27497df67ba8931595f04d3d0b5c4e91bebbc377eda1da3218500c37d5"},
]
urllib3 = [
    {file = "urllib3-1.25.9-py2.py3-none-any.whl", hash = "sha256:88206b0eb87e6d677d424843ac5209e3fb9d0190d0ee169599165ec25e9d9115"},
    {file = "urllib3-1.25.9.tar.gz", hash = "sha256:3018294ebefce6572a474f0604c2021e33b3fd8006ecd11d62107a5d2a963527"},
]
werkzeug = [
    {file = "Werkzeug-1.0.1-py2.py3-none-any.whl", hash = "sha256:2de2a5db0baeae7b2d2664949077c2ac63fbd16d98da0ff71837f7d1dea3fd43"},
    {file = "Werkzeug-1.0.1.tar.gz", hash = "sha256:6c80b1e5ad3665290ea39320b91e1be1e0d5f60652b964a3070216de83d2e47c"},
]
